
Microsoft Visual Studio Solution File, Format Version 12.00
# Visual Studio Version 17
VisualStudioVersion = 17.3.32929.385
MinimumVisualStudioVersion = 10.0.40219.1
Project("{FAE04EC0-301F-11D3-BF4B-00C04F79EFBC}") = "Demo", "Demo\Demo.csproj", "{7A71E80E-0E51-4E02-BF10-80832B549F9F}"
EndProject
Project("{FAE04EC0-301F-11D3-BF4B-00C04F79EFBC}") = "ImageAnnotation", "ImageAnnotation\ImageAnnotation.csproj", "{FA5CBA88-5CE8-4061-AB7C-85B9CD5F78BC}"
EndProject
Global
	GlobalSection(SolutionConfigurationPlatforms) = preSolution
		Debug|Any CPU = Debug|Any CPU
		Release|Any CPU = Release|Any CPU
	EndGlobalSection
	GlobalSection(ProjectConfigurationPlatforms) = postSolution
		{7A71E80E-0E51-4E02-BF10-80832B549F9F}.Debug|Any CPU.ActiveCfg = Debug|Any CPU
		{7A71E80E-0E51-4E02-BF10-80832B549F9F}.Debug|Any CPU.Build.0 = Debug|Any CPU
		{7A71E80E-0E51-4E02-BF10-80832B549F9F}.Release|Any CPU.ActiveCfg = Release|Any CPU
		{7A71E80E-0E51-4E02-BF10-80832B549F9F}.Release|Any CPU.Build.0 = Release|Any CPU
		{FA5CBA88-5CE8-4061-AB7C-85B9CD5F78BC}.Debug|Any CPU.ActiveCfg = Debug|Any CPU
		{FA5CBA88-5CE8-4061-AB7C-85B9CD5F78BC}.Debug|Any CPU.Build.0 = Debug|Any CPU
		{FA5CBA88-5CE8-4061-AB7C-85B9CD5F78BC}.Release|Any CPU.ActiveCfg = Release|Any CPU
		{FA5CBA88-5CE8-4061-AB7C-85B9CD5F78BC}.Release|Any CPU.Build.0 = Release|Any CPU
	EndGlobalSection
	GlobalSection(SolutionProperties) = preSolution
		HideSolutionNode = FALSE
	EndGlobalSection
	GlobalSection(ExtensibilityGlobals) = postSolution
		SolutionGuid = {F2EC3D85-4B85-4A79-BCE0-1D6108539BF2}
	EndGlobalSection
EndGlobal
